
Microsoft Visual Studio Solution File, Format Version 12.00
# Visual Studio Version 16
VisualStudioVersion = 16.0.31911.196
MinimumVisualStudioVersion = 10.0.40219.1
Project("{FAE04EC0-301F-11D3-BF4B-00C04F79EFBC}") = "SalaryManagement", "SalaryManagement\SalaryManagement.csproj", "{D149C582-6D06-4156-99EF-374E049C2013}"
EndProject
Global
	GlobalSection(SolutionConfigurationPlatforms) = preSolution
		Debug|Any CPU = Debug|Any CPU
		Release|Any CPU = Release|Any CPU
	EndGlobalSection
	GlobalSection(ProjectConfigurationPlatforms) = postSolution
		{D149C582-6D06-4156-99EF-374E049C2013}.Debug|Any CPU.ActiveCfg = Debug|Any CPU
		{D149C582-6D06-4156-99EF-374E049C2013}.Debug|Any CPU.Build.0 = Debug|Any CPU
		{D149C582-6D06-4156-99EF-374E049C2013}.Release|Any CPU.ActiveCfg = Release|Any CPU
		{D149C582-6D06-4156-99EF-374E049C2013}.Release|Any CPU.Build.0 = Release|Any CPU
	EndGlobalSection
	GlobalSection(SolutionProperties) = preSolution
		HideSolutionNode = FALSE
	EndGlobalSection
	GlobalSection(ExtensibilityGlobals) = postSolution
		SolutionGuid = {38C7B95D-5DD1-4F28-906F-3CB0134F34DD}
	EndGlobalSection
EndGlobal
